
Microsoft Visual Studio Solution File, Format Version 12.00
# Visual Studio Version 16
VisualStudioVersion = 16.0.31112.23
MinimumVisualStudioVersion = 10.0.40219.1
Project("{FAE04EC0-301F-11D3-BF4B-00C04F79EFBC}") = "SignalRCRUD.Server", "SignalRCRUD\Server\SignalRCRUD.Server.csproj", "{A293E1E7-C7BD-45EB-8EF6-3620B16AEC61}"
EndProject
Project("{FAE04EC0-301F-11D3-BF4B-00C04F79EFBC}") = "SignalRCRUD.Client", "SignalRCRUD\Client\SignalRCRUD.Client.csproj", "{9905635B-B5D3-4E01-A4F7-00B53406772F}"
EndProject
Project("{FAE04EC0-301F-11D3-BF4B-00C04F79EFBC}") = "SignalRCRUD.Shared", "SignalRCRUD\Shared\SignalRCRUD.Shared.csproj", "{4046B09B-678C-4CBD-A983-47DD86653F71}"
EndProject
Global
	GlobalSection(SolutionConfigurationPlatforms) = preSolution
		Debug|Any CPU = Debug|Any CPU
		Release|Any CPU = Release|Any CPU
	EndGlobalSection
	GlobalSection(ProjectConfigurationPlatforms) = postSolution
		{A293E1E7-C7BD-45EB-8EF6-3620B16AEC61}.Debug|Any CPU.ActiveCfg = Debug|Any CPU
		{A293E1E7-C7BD-45EB-8EF6-3620B16AEC61}.Debug|Any CPU.Build.0 = Debug|Any CPU
		{A293E1E7-C7BD-45EB-8EF6-3620B16AEC61}.Release|Any CPU.ActiveCfg = Release|Any CPU
		{A293E1E7-C7BD-45EB-8EF6-3620B16AEC61}.Release|Any CPU.Build.0 = Release|Any CPU
		{9905635B-B5D3-4E01-A4F7-00B53406772F}.Debug|Any CPU.ActiveCfg = Debug|Any CPU
		{9905635B-B5D3-4E01-A4F7-00B53406772F}.Debug|Any CPU.Build.0 = Debug|Any CPU
		{9905635B-B5D3-4E01-A4F7-00B53406772F}.Release|Any CPU.ActiveCfg = Release|Any CPU
		{9905635B-B5D3-4E01-A4F7-00B53406772F}.Release|Any CPU.Build.0 = Release|Any CPU
		{4046B09B-678C-4CBD-A983-47DD86653F71}.Debug|Any CPU.ActiveCfg = Debug|Any CPU
		{4046B09B-678C-4CBD-A983-47DD86653F71}.Debug|Any CPU.Build.0 = Debug|Any CPU
		{4046B09B-678C-4CBD-A983-47DD86653F71}.Release|Any CPU.ActiveCfg = Release|Any CPU
		{4046B09B-678C-4CBD-A983-47DD86653F71}.Release|Any CPU.Build.0 = Release|Any CPU
	EndGlobalSection
	GlobalSection(SolutionProperties) = preSolution
		HideSolutionNode = FALSE
	EndGlobalSection
	GlobalSection(ExtensibilityGlobals) = postSolution
		SolutionGuid = {944BBBE7-3A24-4D62-A389-2A6A48E5D94A}
	EndGlobalSection
EndGlobal
